<?xml version="1.0" encoding="utf-8"?>
<Project ToolsVersion="4.0" xmlns="http://schemas.microsoft.com/developer/msbuild/2003">
  <ItemGroup>
    <ClCompile Include="src\ofApp.cpp">
      <Filter>src</Filter>
    </ClCompile>
    <ClCompile Include="src\main.cpp">
      <Filter>src</Filter>
    </ClCompile>
    <ClCompile Include="D:\of_v0.9.8_vs_release\addons\ofxGui\src\ofxBaseGui.cpp">
      <Filter>addons\ofxGui\src</Filter>
    </ClCompile>
    <ClCompile Include="D:\of_v0.9.8_vs_release\addons\ofxGui\src\ofxButton.cpp">
      <Filter>addons\ofxGui\src</Filter>
    </ClCompile>
    <ClCompile Include="D:\of_v0.9.8_vs_release\addons\ofxGui\src\ofxGuiGroup.cpp">
      <Filter>addons\ofxGui\src</Filter>
    </ClCompile>
    <ClCompile Include="D:\of_v0.9.8_vs_release\addons\ofxGui\src\ofxLabel.cpp">
      <Filter>addons\ofxGui\src</Filter>
    </ClCompile>
    <ClCompile Include="D:\of_v0.9.8_vs_release\addons\ofxGui\src\ofxPanel.cpp">
      <Filter>addons\ofxGui\src</Filter>
    </ClCompile>
    <ClCompile Include="D:\of_v0.9.8_vs_release\addons\ofxGui\src\ofxSlider.cpp">
      <Filter>addons\ofxGui\src</Filter>
    </ClCompile>
    <ClCompile Include="D:\of_v0.9.8_vs_release\addons\ofxGui\src\ofxSliderGroup.cpp">
      <Filter>addons\ofxGui\src</Filter>
    </ClCompile>
    <ClCompile Include="D:\of_v0.9.8_vs_release\addons\ofxGui\src\ofxToggle.cpp">
      <Filter>addons\ofxGui\src</Filter>
    </ClCompile>
    <ClCompile Include="D:\of_v0.9.8_vs_release\addons\ofxWMFVideoPlayer\src\ofxWMFVideoPlayer.cpp">
      <Filter>addons\ofxWMFVideoPlayer\src</Filter>
    </ClCompile>
    <ClCompile Include="D:\of_v0.9.8_vs_release\addons\ofxWMFVideoPlayer\src\ofxWMFVideoPlayerUtils.cpp">
      <Filter>addons\ofxWMFVideoPlayer\src</Filter>
    </ClCompile>
    <ClCompile Include="D:\of_v0.9.8_vs_release\addons\ofxWMFVideoPlayer\src\presenter\Helpers.cpp">
      <Filter>addons\ofxWMFVideoPlayer\src\presenter</Filter>
    </ClCompile>
    <ClCompile Include="D:\of_v0.9.8_vs_release\addons\ofxWMFVideoPlayer\src\presenter\PresentEngine.cpp">
      <Filter>addons\ofxWMFVideoPlayer\src\presenter</Filter>
    </ClCompile>
    <ClCompile Include="D:\of_v0.9.8_vs_release\addons\ofxWMFVideoPlayer\src\presenter\Presenter.cpp">
      <Filter>addons\ofxWMFVideoPlayer\src\presenter</Filter>
    </ClCompile>
    <ClCompile Include="D:\of_v0.9.8_vs_release\addons\ofxWMFVideoPlayer\src\presenter\scheduler.cpp">
      <Filter>addons\ofxWMFVideoPlayer\src\presenter</Filter>
    </ClCompile>
    <ClCompile Include="src\zfun.cpp">
      <Filter>src</Filter>
    </ClCompile>
    <ClCompile Include="src\miWebcam.cpp">
      <Filter>src</Filter>
    </ClCompile>
    <ClCompile Include="D:\of_v0.9.8_vs_release\addons\ofxOsc\src\ofxOscBundle.cpp">
      <Filter>addons\ofxOsc\src</Filter>
    </ClCompile>
    <ClCompile Include="D:\of_v0.9.8_vs_release\addons\ofxOsc\src\ofxOscMessage.cpp">
      <Filter>addons\ofxOsc\src</Filter>
    </ClCompile>
    <ClCompile Include="D:\of_v0.9.8_vs_release\addons\ofxOsc\src\ofxOscParameterSync.cpp">
      <Filter>addons\ofxOsc\src</Filter>
    </ClCompile>
    <ClCompile Include="D:\of_v0.9.8_vs_release\addons\ofxOsc\src\ofxOscReceiver.cpp">
      <Filter>addons\ofxOsc\src</Filter>
    </ClCompile>
    <ClCompile Include="D:\of_v0.9.8_vs_release\addons\ofxOsc\src\ofxOscSender.cpp">
      <Filter>addons\ofxOsc\src</Filter>
    </ClCompile>
    <ClCompile Include="D:\of_v0.9.8_vs_release\addons\ofxOsc\libs\oscpack\src\ip\IpEndpointName.cpp">
      <Filter>addons\ofxOsc\libs\oscpack\src\ip</Filter>
    </ClCompile>
    <ClCompile Include="D:\of_v0.9.8_vs_release\addons\ofxOsc\libs\oscpack\src\ip\posix\NetworkingUtils.cpp">
      <Filter>addons\ofxOsc\libs\oscpack\src\ip\posix</Filter>
    </ClCompile>
    <ClCompile Include="D:\of_v0.9.8_vs_release\addons\ofxOsc\libs\oscpack\src\ip\posix\UdpSocket.cpp">
      <Filter>addons\ofxOsc\libs\oscpack\src\ip\posix</Filter>
    </ClCompile>
    <ClCompile Include="D:\of_v0.9.8_vs_release\addons\ofxOsc\libs\oscpack\src\ip\win32\NetworkingUtils.cpp">
      <Filter>addons\ofxOsc\libs\oscpack\src\ip\win32</Filter>
    </ClCompile>
    <ClCompile Include="D:\of_v0.9.8_vs_release\addons\ofxOsc\libs\oscpack\src\ip\win32\UdpSocket.cpp">
      <Filter>addons\ofxOsc\libs\oscpack\src\ip\win32</Filter>
    </ClCompile>
    <ClCompile Include="D:\of_v0.9.8_vs_release\addons\ofxOsc\libs\oscpack\src\osc\OscOutboundPacketStream.cpp">
      <Filter>addons\ofxOsc\libs\oscpack\src\osc</Filter>
    </ClCompile>
    <ClCompile Include="D:\of_v0.9.8_vs_release\addons\ofxOsc\libs\oscpack\src\osc\OscPrintReceivedElements.cpp">
      <Filter>addons\ofxOsc\libs\oscpack\src\osc</Filter>
    </ClCompile>
    <ClCompile Include="D:\of_v0.9.8_vs_release\addons\ofxOsc\libs\oscpack\src\osc\OscReceivedElements.cpp">
      <Filter>addons\ofxOsc\libs\oscpack\src\osc</Filter>
    </ClCompile>
    <ClCompile Include="D:\of_v0.9.8_vs_release\addons\ofxOsc\libs\oscpack\src\osc\OscTypes.cpp">
      <Filter>addons\ofxOsc\libs\oscpack\src\osc</Filter>
    </ClCompile>
    <ClCompile Include="D:\of_v0.9.8_vs_release\addons\ofxFilterLibrary\src\filters\Abstract3x3ConvolutionFilter.cpp">
      <Filter>addons\ofxFilterLibrary\src\filters</Filter>
    </ClCompile>
    <ClCompile Include="D:\of_v0.9.8_vs_release\addons\ofxFilterLibrary\src\filters\Abstract3x3PingPongFilter.cpp">
      <Filter>addons\ofxFilterLibrary\src\filters</Filter>
    </ClCompile>
    <ClCompile Include="D:\of_v0.9.8_vs_release\addons\ofxFilterLibrary\src\filters\Abstract3x3TextureSamplingFilter.cpp">
      <Filter>addons\ofxFilterLibrary\src\filters</Filter>
    </ClCompile>
    <ClCompile Include="D:\of_v0.9.8_vs_release\addons\ofxFilterLibrary\src\filters\AbstractDoGFilter.cpp">
      <Filter>addons\ofxFilterLibrary\src\filters</Filter>
    </ClCompile>
    <ClCompile Include="D:\of_v0.9.8_vs_release\addons\ofxFilterLibrary\src\filters\AbstractFilter.cpp">
      <Filter>addons\ofxFilterLibrary\src\filters</Filter>
    </ClCompile>
    <ClCompile Include="D:\of_v0.9.8_vs_release\addons\ofxFilterLibrary\src\filters\AbstractPingPongRenderer.cpp">
      <Filter>addons\ofxFilterLibrary\src\filters</Filter>
    </ClCompile>
    <ClCompile Include="D:\of_v0.9.8_vs_release\addons\ofxFilterLibrary\src\filters\AbstractTwoInputCrossTextureSamplingFilter.cpp">
      <Filter>addons\ofxFilterLibrary\src\filters</Filter>
    </ClCompile>
    <ClCompile Include="D:\of_v0.9.8_vs_release\addons\ofxFilterLibrary\src\filters\AbstractTwoInputFilter.cpp">
      <Filter>addons\ofxFilterLibrary\src\filters</Filter>
    </ClCompile>
    <ClCompile Include="D:\of_v0.9.8_vs_release\addons\ofxFilterLibrary\src\filters\AdditiveBlendFilter.cpp">
      <Filter>addons\ofxFilterLibrary\src\filters</Filter>
    </ClCompile>
    <ClCompile Include="D:\of_v0.9.8_vs_release\addons\ofxFilterLibrary\src\filters\AlphaBlendFilter.cpp">
      <Filter>addons\ofxFilterLibrary\src\filters</Filter>
    </ClCompile>
    <ClCompile Include="D:\of_v0.9.8_vs_release\addons\ofxFilterLibrary\src\filters\AlphaMaskFilter.cpp">
      <Filter>addons\ofxFilterLibrary\src\filters</Filter>
    </ClCompile>
    <ClCompile Include="D:\of_v0.9.8_vs_release\addons\ofxFilterLibrary\src\filters\AverageColorFilter.cpp">
      <Filter>addons\ofxFilterLibrary\src\filters</Filter>
    </ClCompile>
    <ClCompile Include="D:\of_v0.9.8_vs_release\addons\ofxFilterLibrary\src\filters\BilateralFilter.cpp">
      <Filter>addons\ofxFilterLibrary\src\filters</Filter>
    </ClCompile>
    <ClCompile Include="D:\of_v0.9.8_vs_release\addons\ofxFilterLibrary\src\filters\BloomFilter.cpp">
      <Filter>addons\ofxFilterLibrary\src\filters</Filter>
    </ClCompile>
    <ClCompile Include="D:\of_v0.9.8_vs_release\addons\ofxFilterLibrary\src\filters\BoxBlurFilter.cpp">
      <Filter>addons\ofxFilterLibrary\src\filters</Filter>
    </ClCompile>
    <ClCompile Include="D:\of_v0.9.8_vs_release\addons\ofxFilterLibrary\src\filters\BrightnessFilter.cpp">
      <Filter>addons\ofxFilterLibrary\src\filters</Filter>
    </ClCompile>
    <ClCompile Include="D:\of_v0.9.8_vs_release\addons\ofxFilterLibrary\src\filters\CGAColorspaceFilter.cpp">
      <Filter>addons\ofxFilterLibrary\src\filters</Filter>
    </ClCompile>
    <ClCompile Include="D:\of_v0.9.8_vs_release\addons\ofxFilterLibrary\src\filters\ChromaKeyBlendFilter.cpp">
      <Filter>addons\ofxFilterLibrary\src\filters</Filter>
    </ClCompile>
    <ClCompile Include="D:\of_v0.9.8_vs_release\addons\ofxFilterLibrary\src\filters\ColorBlendFilter.cpp">
      <Filter>addons\ofxFilterLibrary\src\filters</Filter>
    </ClCompile>
    <ClCompile Include="D:\of_v0.9.8_vs_release\addons\ofxFilterLibrary\src\filters\ColorBurnFilter.cpp">
      <Filter>addons\ofxFilterLibrary\src\filters</Filter>
    </ClCompile>
    <ClCompile Include="D:\of_v0.9.8_vs_release\addons\ofxFilterLibrary\src\filters\ColorMatrixFilter.cpp">
      <Filter>addons\ofxFilterLibrary\src\filters</Filter>
    </ClCompile>
    <ClCompile Include="D:\of_v0.9.8_vs_release\addons\ofxFilterLibrary\src\filters\ColorPackingFilter.cpp">
      <Filter>addons\ofxFilterLibrary\src\filters</Filter>
    </ClCompile>
    <ClCompile Include="D:\of_v0.9.8_vs_release\addons\ofxFilterLibrary\src\filters\ColorReplacementFilter.cpp">
      <Filter>addons\ofxFilterLibrary\src\filters</Filter>
    </ClCompile>
    <ClCompile Include="D:\of_v0.9.8_vs_release\addons\ofxFilterLibrary\src\filters\ContrastFilter.cpp">
      <Filter>addons\ofxFilterLibrary\src\filters</Filter>
    </ClCompile>
    <ClCompile Include="D:\of_v0.9.8_vs_release\addons\ofxFilterLibrary\src\filters\CornerDetectionFilter.cpp">
      <Filter>addons\ofxFilterLibrary\src\filters</Filter>
    </ClCompile>
    <ClCompile Include="D:\of_v0.9.8_vs_release\addons\ofxFilterLibrary\src\filters\CrosshatchFilter.cpp">
      <Filter>addons\ofxFilterLibrary\src\filters</Filter>
    </ClCompile>
    <ClCompile Include="D:\of_v0.9.8_vs_release\addons\ofxFilterLibrary\src\filters\DarkenBlendFilter.cpp">
      <Filter>addons\ofxFilterLibrary\src\filters</Filter>
    </ClCompile>
    <ClCompile Include="D:\of_v0.9.8_vs_release\addons\ofxFilterLibrary\src\filters\DilationFilter.cpp">
      <Filter>addons\ofxFilterLibrary\src\filters</Filter>
    </ClCompile>
    <ClCompile Include="D:\of_v0.9.8_vs_release\addons\ofxFilterLibrary\src\filters\DirectionalDoGFilter.cpp">
      <Filter>addons\ofxFilterLibrary\src\filters</Filter>
    </ClCompile>
    <ClCompile Include="D:\of_v0.9.8_vs_release\addons\ofxFilterLibrary\src\filters\DisplacementFilter.cpp">
      <Filter>addons\ofxFilterLibrary\src\filters</Filter>
    </ClCompile>
    <ClCompile Include="D:\of_v0.9.8_vs_release\addons\ofxFilterLibrary\src\filters\DissolveBlendFilter.cpp">
      <Filter>addons\ofxFilterLibrary\src\filters</Filter>
    </ClCompile>
    <ClCompile Include="D:\of_v0.9.8_vs_release\addons\ofxFilterLibrary\src\filters\DoGFilter.cpp">
      <Filter>addons\ofxFilterLibrary\src\filters</Filter>
    </ClCompile>
    <ClCompile Include="D:\of_v0.9.8_vs_release\addons\ofxFilterLibrary\src\filters\EdgeTangentFilter.cpp">
      <Filter>addons\ofxFilterLibrary\src\filters</Filter>
    </ClCompile>
    <ClCompile Include="D:\of_v0.9.8_vs_release\addons\ofxFilterLibrary\src\filters\EdgeTangentSmoothingFilter.cpp">
      <Filter>addons\ofxFilterLibrary\src\filters</Filter>
    </ClCompile>
    <ClCompile Include="D:\of_v0.9.8_vs_release\addons\ofxFilterLibrary\src\filters\EmbossFilter.cpp">
      <Filter>addons\ofxFilterLibrary\src\filters</Filter>
    </ClCompile>
    <ClCompile Include="D:\of_v0.9.8_vs_release\addons\ofxFilterLibrary\src\filters\ErosionFilter.cpp">
      <Filter>addons\ofxFilterLibrary\src\filters</Filter>
    </ClCompile>
    <ClCompile Include="D:\of_v0.9.8_vs_release\addons\ofxFilterLibrary\src\filters\ExclusionBlendFilter.cpp">
      <Filter>addons\ofxFilterLibrary\src\filters</Filter>
    </ClCompile>
    <ClCompile Include="D:\of_v0.9.8_vs_release\addons\ofxFilterLibrary\src\filters\FilterChain.cpp">
      <Filter>addons\ofxFilterLibrary\src\filters</Filter>
    </ClCompile>
    <ClCompile Include="D:\of_v0.9.8_vs_release\addons\ofxFilterLibrary\src\filters\FlowDoGFilter.cpp">
      <Filter>addons\ofxFilterLibrary\src\filters</Filter>
    </ClCompile>
    <ClCompile Include="D:\of_v0.9.8_vs_release\addons\ofxFilterLibrary\src\filters\GammaFilter.cpp">
      <Filter>addons\ofxFilterLibrary\src\filters</Filter>
    </ClCompile>
    <ClCompile Include="D:\of_v0.9.8_vs_release\addons\ofxFilterLibrary\src\filters\GaussianBlurFilter.cpp">
      <Filter>addons\ofxFilterLibrary\src\filters</Filter>
    </ClCompile>
    <ClCompile Include="D:\of_v0.9.8_vs_release\addons\ofxFilterLibrary\src\filters\GradientMapFilter.cpp">
      <Filter>addons\ofxFilterLibrary\src\filters</Filter>
    </ClCompile>
    <ClCompile Include="D:\of_v0.9.8_vs_release\addons\ofxFilterLibrary\src\filters\GrayscaleFilter.cpp">
      <Filter>addons\ofxFilterLibrary\src\filters</Filter>
    </ClCompile>
    <ClCompile Include="D:\of_v0.9.8_vs_release\addons\ofxFilterLibrary\src\filters\HalftoneFilter.cpp">
      <Filter>addons\ofxFilterLibrary\src\filters</Filter>
    </ClCompile>
    <ClCompile Include="D:\of_v0.9.8_vs_release\addons\ofxFilterLibrary\src\filters\HarrisCornerDetectionFilter.cpp">
      <Filter>addons\ofxFilterLibrary\src\filters</Filter>
    </ClCompile>
    <ClCompile Include="D:\of_v0.9.8_vs_release\addons\ofxFilterLibrary\src\filters\HueFilter.cpp">
      <Filter>addons\ofxFilterLibrary\src\filters</Filter>
    </ClCompile>
    <ClCompile Include="D:\of_v0.9.8_vs_release\addons\ofxFilterLibrary\src\filters\InvertFilter.cpp">
      <Filter>addons\ofxFilterLibrary\src\filters</Filter>
    </ClCompile>
    <ClCompile Include="D:\of_v0.9.8_vs_release\addons\ofxFilterLibrary\src\filters\KuwaharaFilter.cpp">
      <Filter>addons\ofxFilterLibrary\src\filters</Filter>
    </ClCompile>
    <ClCompile Include="D:\of_v0.9.8_vs_release\addons\ofxFilterLibrary\src\filters\LaplacianFilter.cpp">
      <Filter>addons\ofxFilterLibrary\src\filters</Filter>
    </ClCompile>
    <ClCompile Include="D:\of_v0.9.8_vs_release\addons\ofxFilterLibrary\src\filters\LookupFilter.cpp">
      <Filter>addons\ofxFilterLibrary\src\filters</Filter>
    </ClCompile>
    <ClCompile Include="D:\of_v0.9.8_vs_release\addons\ofxFilterLibrary\src\filters\LowPassFilter.cpp">
      <Filter>addons\ofxFilterLibrary\src\filters</Filter>
    </ClCompile>
    <ClCompile Include="D:\of_v0.9.8_vs_release\addons\ofxFilterLibrary\src\filters\MotionDetectionFilter.cpp">
      <Filter>addons\ofxFilterLibrary\src\filters</Filter>
    </ClCompile>
    <ClCompile Include="D:\of_v0.9.8_vs_release\addons\ofxFilterLibrary\src\filters\MultiplyBlendFilter.cpp">
      <Filter>addons\ofxFilterLibrary\src\filters</Filter>
    </ClCompile>
    <ClCompile Include="D:\of_v0.9.8_vs_release\addons\ofxFilterLibrary\src\filters\NormalBlendFilter.cpp">
      <Filter>addons\ofxFilterLibrary\src\filters</Filter>
    </ClCompile>
    <ClCompile Include="D:\of_v0.9.8_vs_release\addons\ofxFilterLibrary\src\filters\PerlinNoiseFilter.cpp">
      <Filter>addons\ofxFilterLibrary\src\filters</Filter>
    </ClCompile>
    <ClCompile Include="D:\of_v0.9.8_vs_release\addons\ofxFilterLibrary\src\filters\PerlinPixellationFilter.cpp">
      <Filter>addons\ofxFilterLibrary\src\filters</Filter>
    </ClCompile>
    <ClCompile Include="D:\of_v0.9.8_vs_release\addons\ofxFilterLibrary\src\filters\PixelateFilter.cpp">
      <Filter>addons\ofxFilterLibrary\src\filters</Filter>
    </ClCompile>
    <ClCompile Include="D:\of_v0.9.8_vs_release\addons\ofxFilterLibrary\src\filters\PoissonBlendFilter.cpp">
      <Filter>addons\ofxFilterLibrary\src\filters</Filter>
    </ClCompile>
    <ClCompile Include="D:\of_v0.9.8_vs_release\addons\ofxFilterLibrary\src\filters\PosterizeFilter.cpp">
      <Filter>addons\ofxFilterLibrary\src\filters</Filter>
    </ClCompile>
    <ClCompile Include="D:\of_v0.9.8_vs_release\addons\ofxFilterLibrary\src\filters\SaturationFilter.cpp">
      <Filter>addons\ofxFilterLibrary\src\filters</Filter>
    </ClCompile>
    <ClCompile Include="D:\of_v0.9.8_vs_release\addons\ofxFilterLibrary\src\filters\SketchFilter.cpp">
      <Filter>addons\ofxFilterLibrary\src\filters</Filter>
    </ClCompile>
    <ClCompile Include="D:\of_v0.9.8_vs_release\addons\ofxFilterLibrary\src\filters\SmoothToonFilter.cpp">
      <Filter>addons\ofxFilterLibrary\src\filters</Filter>
    </ClCompile>
    <ClCompile Include="D:\of_v0.9.8_vs_release\addons\ofxFilterLibrary\src\filters\SobelEdgeDetectionFilter.cpp">
      <Filter>addons\ofxFilterLibrary\src\filters</Filter>
    </ClCompile>
    <ClCompile Include="D:\of_v0.9.8_vs_release\addons\ofxFilterLibrary\src\filters\ThresholdedNonMaximumSuppressionFilter.cpp">
      <Filter>addons\ofxFilterLibrary\src\filters</Filter>
    </ClCompile>
    <ClCompile Include="D:\of_v0.9.8_vs_release\addons\ofxFilterLibrary\src\filters\TiltShiftFilter.cpp">
      <Filter>addons\ofxFilterLibrary\src\filters</Filter>
    </ClCompile>
    <ClCompile Include="D:\of_v0.9.8_vs_release\addons\ofxFilterLibrary\src\filters\ToonFilter.cpp">
      <Filter>addons\ofxFilterLibrary\src\filters</Filter>
    </ClCompile>
    <ClCompile Include="D:\of_v0.9.8_vs_release\addons\ofxFilterLibrary\src\filters\VignetteFilter.cpp">
      <Filter>addons\ofxFilterLibrary\src\filters</Filter>
    </ClCompile>
    <ClCompile Include="D:\of_v0.9.8_vs_release\addons\ofxFilterLibrary\src\filters\VoronoiFilter.cpp">
      <Filter>addons\ofxFilterLibrary\src\filters</Filter>
    </ClCompile>
    <ClCompile Include="D:\of_v0.9.8_vs_release\addons\ofxFilterLibrary\src\filters\XYDerivativeFilter.cpp">
      <Filter>addons\ofxFilterLibrary\src\filters</Filter>
    </ClCompile>
    <ClCompile Include="D:\of_v0.9.8_vs_release\addons\ofxFilterLibrary\src\filters\ZoomBlurFilter.cpp">
      <Filter>addons\ofxFilterLibrary\src\filters</Filter>
    </ClCompile>
    <ClCompile Include="D:\of_v0.9.8_vs_release\addons\ofxFilterLibrary\src\parameters\ParametricObject.cpp">
      <Filter>addons\ofxFilterLibrary\src\parameters</Filter>
    </ClCompile>
  </ItemGroup>
  <ItemGroup>
    <Filter Include="src">
      <UniqueIdentifier>{d8376475-7454-4a24-b08a-aac121d3ad6f}</UniqueIdentifier>
    </Filter>
    <Filter Include="addons">
      <UniqueIdentifier>{9fc64955-7e01-413f-a3e6-a5fb17a9fc09}</UniqueIdentifier>
    </Filter>
    <Filter Include="addons\ofxGui">
      <UniqueIdentifier>{dc8c573e-764f-4383-816d-c75f1de547f9}</UniqueIdentifier>
    </Filter>
    <Filter Include="addons\ofxGui\src">
      <UniqueIdentifier>{7c238d6e-2173-4d90-88ec-cf36aa6fa2d7}</UniqueIdentifier>
    </Filter>
    <Filter Include="addons\ofxWMFVideoPlayer">
      <UniqueIdentifier>{b64d16b2-0c1e-4667-8fa6-9772cc61e811}</UniqueIdentifier>
    </Filter>
    <Filter Include="addons\ofxWMFVideoPlayer\src">
      <UniqueIdentifier>{0a9cde1c-47ba-4686-8a58-8782db207372}</UniqueIdentifier>
    </Filter>
    <Filter Include="addons\ofxWMFVideoPlayer\src\presenter">
      <UniqueIdentifier>{f48b2d18-3522-4d40-84e7-018c97dad5a4}</UniqueIdentifier>
    </Filter>
    <Filter Include="addons\ofxWMFVideoPlayer\src\presenter\common">
      <UniqueIdentifier>{ab154f73-1ac4-4799-8caf-8f7427b2138d}</UniqueIdentifier>
    </Filter>
    <Filter Include="addons\ofxOsc">
      <UniqueIdentifier>{66842d22-249b-47af-aac9-06c6521d3588}</UniqueIdentifier>
    </Filter>
    <Filter Include="addons\ofxOsc\src">
      <UniqueIdentifier>{56131441-5849-48a9-bc1b-665e402c2187}</UniqueIdentifier>
    </Filter>
    <Filter Include="addons\ofxOsc\libs">
      <UniqueIdentifier>{b6f241a0-c8a5-45c4-a675-6aa7d3b8c131}</UniqueIdentifier>
    </Filter>
    <Filter Include="addons\ofxOsc\libs\oscpack">
      <UniqueIdentifier>{66d20a74-1d32-4046-ba9a-c190210e264a}</UniqueIdentifier>
    </Filter>
    <Filter Include="addons\ofxOsc\libs\oscpack\src">
      <UniqueIdentifier>{fddeef23-6231-442b-ae43-49b86c8efaf6}</UniqueIdentifier>
    </Filter>
    <Filter Include="addons\ofxOsc\libs\oscpack\src\ip">
      <UniqueIdentifier>{5c50f2c5-4fa4-459a-ba93-fdd4e87a75b2}</UniqueIdentifier>
    </Filter>
    <Filter Include="addons\ofxOsc\libs\oscpack\src\ip\posix">
      <UniqueIdentifier>{1249a619-0fcc-4ddc-9b1a-24e9613a236f}</UniqueIdentifier>
    </Filter>
    <Filter Include="addons\ofxOsc\libs\oscpack\src\ip\win32">
      <UniqueIdentifier>{4c4c34b0-ce29-4df5-b988-ebcbed7402a8}</UniqueIdentifier>
    </Filter>
    <Filter Include="addons\ofxOsc\libs\oscpack\src\osc">
      <UniqueIdentifier>{0d766bcf-8b64-44aa-a44d-95475c43f2ac}</UniqueIdentifier>
    </Filter>
    <Filter Include="addons\ofxFilterLibrary">
      <UniqueIdentifier>{b54db660-3d73-40fc-9a9d-e3e48a0f1150}</UniqueIdentifier>
    </Filter>
    <Filter Include="addons\ofxFilterLibrary\src">
      <UniqueIdentifier>{bea940ab-3dc0-4600-966a-1155af1516f6}</UniqueIdentifier>
    </Filter>
    <Filter Include="addons\ofxFilterLibrary\src\filters">
      <UniqueIdentifier>{c153e88c-d9f5-42be-b175-86e5d020a2bf}</UniqueIdentifier>
    </Filter>
    <Filter Include="addons\ofxFilterLibrary\src\parameters">
      <UniqueIdentifier>{5a7732f0-243f-4099-95bd-83a104147e89}</UniqueIdentifier>
    </Filter>
  </ItemGroup>
  <ItemGroup>
    <ClInclude Include="src\ofApp.h">
      <Filter>src</Filter>
    </ClInclude>
    <ClInclude Include="D:\of_v0.9.8_vs_release\addons\ofxGui\src\ofxBaseGui.h">
      <Filter>addons\ofxGui\src</Filter>
    </ClInclude>
    <ClInclude Include="D:\of_v0.9.8_vs_release\addons\ofxGui\src\ofxButton.h">
      <Filter>addons\ofxGui\src</Filter>
    </ClInclude>
    <ClInclude Include="D:\of_v0.9.8_vs_release\addons\ofxGui\src\ofxGui.h">
      <Filter>addons\ofxGui\src</Filter>
    </ClInclude>
    <ClInclude Include="D:\of_v0.9.8_vs_release\addons\ofxGui\src\ofxGuiGroup.h">
      <Filter>addons\ofxGui\src</Filter>
    </ClInclude>
    <ClInclude Include="D:\of_v0.9.8_vs_release\addons\ofxGui\src\ofxLabel.h">
      <Filter>addons\ofxGui\src</Filter>
    </ClInclude>
    <ClInclude Include="D:\of_v0.9.8_vs_release\addons\ofxGui\src\ofxPanel.h">
      <Filter>addons\ofxGui\src</Filter>
    </ClInclude>
    <ClInclude Include="D:\of_v0.9.8_vs_release\addons\ofxGui\src\ofxSlider.h">
      <Filter>addons\ofxGui\src</Filter>
    </ClInclude>
    <ClInclude Include="D:\of_v0.9.8_vs_release\addons\ofxGui\src\ofxSliderGroup.h">
      <Filter>addons\ofxGui\src</Filter>
    </ClInclude>
    <ClInclude Include="D:\of_v0.9.8_vs_release\addons\ofxGui\src\ofxToggle.h">
      <Filter>addons\ofxGui\src</Filter>
    </ClInclude>
    <ClInclude Include="D:\of_v0.9.8_vs_release\addons\ofxWMFVideoPlayer\src\ofxWMFVideoPlayer.h">
      <Filter>addons\ofxWMFVideoPlayer\src</Filter>
    </ClInclude>
    <ClInclude Include="D:\of_v0.9.8_vs_release\addons\ofxWMFVideoPlayer\src\ofxWMFVideoPlayerUtils.h">
      <Filter>addons\ofxWMFVideoPlayer\src</Filter>
    </ClInclude>
    <ClInclude Include="D:\of_v0.9.8_vs_release\addons\ofxWMFVideoPlayer\src\presenter\EVRPresenter.h">
      <Filter>addons\ofxWMFVideoPlayer\src\presenter</Filter>
    </ClInclude>
    <ClInclude Include="D:\of_v0.9.8_vs_release\addons\ofxWMFVideoPlayer\src\presenter\EVRPresenterUuid.h">
      <Filter>addons\ofxWMFVideoPlayer\src\presenter</Filter>
    </ClInclude>
    <ClInclude Include="D:\of_v0.9.8_vs_release\addons\ofxWMFVideoPlayer\src\presenter\Helpers.h">
      <Filter>addons\ofxWMFVideoPlayer\src\presenter</Filter>
    </ClInclude>
    <ClInclude Include="D:\of_v0.9.8_vs_release\addons\ofxWMFVideoPlayer\src\presenter\PresentEngine.h">
      <Filter>addons\ofxWMFVideoPlayer\src\presenter</Filter>
    </ClInclude>
    <ClInclude Include="D:\of_v0.9.8_vs_release\addons\ofxWMFVideoPlayer\src\presenter\Presenter.h">
      <Filter>addons\ofxWMFVideoPlayer\src\presenter</Filter>
    </ClInclude>
    <ClInclude Include="D:\of_v0.9.8_vs_release\addons\ofxWMFVideoPlayer\src\presenter\scheduler.h">
      <Filter>addons\ofxWMFVideoPlayer\src\presenter</Filter>
    </ClInclude>
    <ClInclude Include="D:\of_v0.9.8_vs_release\addons\ofxWMFVideoPlayer\src\presenter\common\AsyncCB.h">
      <Filter>addons\ofxWMFVideoPlayer\src\presenter\common</Filter>
    </ClInclude>
    <ClInclude Include="D:\of_v0.9.8_vs_release\addons\ofxWMFVideoPlayer\src\presenter\common\BufferLock.h">
      <Filter>addons\ofxWMFVideoPlayer\src\presenter\common</Filter>
    </ClInclude>
    <ClInclude Include="D:\of_v0.9.8_vs_release\addons\ofxWMFVideoPlayer\src\presenter\common\ClassFactory.h">
      <Filter>addons\ofxWMFVideoPlayer\src\presenter\common</Filter>
    </ClInclude>
    <ClInclude Include="D:\of_v0.9.8_vs_release\addons\ofxWMFVideoPlayer\src\presenter\common\common.h">
      <Filter>addons\ofxWMFVideoPlayer\src\presenter\common</Filter>
    </ClInclude>
    <ClInclude Include="D:\of_v0.9.8_vs_release\addons\ofxWMFVideoPlayer\src\presenter\common\critsec.h">
      <Filter>addons\ofxWMFVideoPlayer\src\presenter\common</Filter>
    </ClInclude>
    <ClInclude Include="D:\of_v0.9.8_vs_release\addons\ofxWMFVideoPlayer\src\presenter\common\GrowArray.h">
      <Filter>addons\ofxWMFVideoPlayer\src\presenter\common</Filter>
    </ClInclude>
    <ClInclude Include="D:\of_v0.9.8_vs_release\addons\ofxWMFVideoPlayer\src\presenter\common\linklist.h">
      <Filter>addons\ofxWMFVideoPlayer\src\presenter\common</Filter>
    </ClInclude>
    <ClInclude Include="D:\of_v0.9.8_vs_release\addons\ofxWMFVideoPlayer\src\presenter\common\logging.h">
      <Filter>addons\ofxWMFVideoPlayer\src\presenter\common</Filter>
    </ClInclude>
    <ClInclude Include="D:\of_v0.9.8_vs_release\addons\ofxWMFVideoPlayer\src\presenter\common\logmediatype.h">
      <Filter>addons\ofxWMFVideoPlayer\src\presenter\common</Filter>
    </ClInclude>
    <ClInclude Include="D:\of_v0.9.8_vs_release\addons\ofxWMFVideoPlayer\src\presenter\common\mediatype.h">
      <Filter>addons\ofxWMFVideoPlayer\src\presenter\common</Filter>
    </ClInclude>
    <ClInclude Include="D:\of_v0.9.8_vs_release\addons\ofxWMFVideoPlayer\src\presenter\common\mfutils.h">
      <Filter>addons\ofxWMFVideoPlayer\src\presenter\common</Filter>
    </ClInclude>
    <ClInclude Include="D:\of_v0.9.8_vs_release\addons\ofxWMFVideoPlayer\src\presenter\common\PropVar.h">
      <Filter>addons\ofxWMFVideoPlayer\src\presenter\common</Filter>
    </ClInclude>
    <ClInclude Include="D:\of_v0.9.8_vs_release\addons\ofxWMFVideoPlayer\src\presenter\common\registry.h">
      <Filter>addons\ofxWMFVideoPlayer\src\presenter\common</Filter>
    </ClInclude>
    <ClInclude Include="D:\of_v0.9.8_vs_release\addons\ofxWMFVideoPlayer\src\presenter\common\TinyMap.h">
      <Filter>addons\ofxWMFVideoPlayer\src\presenter\common</Filter>
    </ClInclude>
    <ClInclude Include="D:\of_v0.9.8_vs_release\addons\ofxWMFVideoPlayer\src\presenter\common\trace.h">
      <Filter>addons\ofxWMFVideoPlayer\src\presenter\common</Filter>
    </ClInclude>
    <ClInclude Include="src\zfun.h">
      <Filter>src</Filter>
    </ClInclude>
    <ClInclude Include="src\miWebcam.h">
      <Filter>src</Filter>
    </ClInclude>
    <ClInclude Include="D:\of_v0.9.8_vs_release\addons\ofxOsc\src\ofxOsc.h">
      <Filter>addons\ofxOsc\src</Filter>
    </ClInclude>
    <ClInclude Include="D:\of_v0.9.8_vs_release\addons\ofxOsc\src\ofxOscArg.h">
      <Filter>addons\ofxOsc\src</Filter>
    </ClInclude>
    <ClInclude Include="D:\of_v0.9.8_vs_release\addons\ofxOsc\src\ofxOscBundle.h">
      <Filter>addons\ofxOsc\src</Filter>
    </ClInclude>
    <ClInclude Include="D:\of_v0.9.8_vs_release\addons\ofxOsc\src\ofxOscMessage.h">
      <Filter>addons\ofxOsc\src</Filter>
    </ClInclude>
    <ClInclude Include="D:\of_v0.9.8_vs_release\addons\ofxOsc\src\ofxOscParameterSync.h">
      <Filter>addons\ofxOsc\src</Filter>
    </ClInclude>
    <ClInclude Include="D:\of_v0.9.8_vs_release\addons\ofxOsc\src\ofxOscReceiver.h">
      <Filter>addons\ofxOsc\src</Filter>
    </ClInclude>
    <ClInclude Include="D:\of_v0.9.8_vs_release\addons\ofxOsc\src\ofxOscSender.h">
      <Filter>addons\ofxOsc\src</Filter>
    </ClInclude>
    <ClInclude Include="D:\of_v0.9.8_vs_release\addons\ofxOsc\libs\oscpack\src\ip\IpEndpointName.h">
      <Filter>addons\ofxOsc\libs\oscpack\src\ip</Filter>
    </ClInclude>
    <ClInclude Include="D:\of_v0.9.8_vs_release\addons\ofxOsc\libs\oscpack\src\ip\NetworkingUtils.h">
      <Filter>addons\ofxOsc\libs\oscpack\src\ip</Filter>
    </ClInclude>
    <ClInclude Include="D:\of_v0.9.8_vs_release\addons\ofxOsc\libs\oscpack\src\ip\PacketListener.h">
      <Filter>addons\ofxOsc\libs\oscpack\src\ip</Filter>
    </ClInclude>
    <ClInclude Include="D:\of_v0.9.8_vs_release\addons\ofxOsc\libs\oscpack\src\ip\TimerListener.h">
      <Filter>addons\ofxOsc\libs\oscpack\src\ip</Filter>
    </ClInclude>
    <ClInclude Include="D:\of_v0.9.8_vs_release\addons\ofxOsc\libs\oscpack\src\ip\UdpSocket.h">
      <Filter>addons\ofxOsc\libs\oscpack\src\ip</Filter>
    </ClInclude>
    <ClInclude Include="D:\of_v0.9.8_vs_release\addons\ofxOsc\libs\oscpack\src\osc\MessageMappingOscPacketListener.h">
      <Filter>addons\ofxOsc\libs\oscpack\src\osc</Filter>
    </ClInclude>
    <ClInclude Include="D:\of_v0.9.8_vs_release\addons\ofxOsc\libs\oscpack\src\osc\OscException.h">
      <Filter>addons\ofxOsc\libs\oscpack\src\osc</Filter>
    </ClInclude>
    <ClInclude Include="D:\of_v0.9.8_vs_release\addons\ofxOsc\libs\oscpack\src\osc\OscHostEndianness.h">
      <Filter>addons\ofxOsc\libs\oscpack\src\osc</Filter>
    </ClInclude>
    <ClInclude Include="D:\of_v0.9.8_vs_release\addons\ofxOsc\libs\oscpack\src\osc\OscOutboundPacketStream.h">
      <Filter>addons\ofxOsc\libs\oscpack\src\osc</Filter>
    </ClInclude>
    <ClInclude Include="D:\of_v0.9.8_vs_release\addons\ofxOsc\libs\oscpack\src\osc\OscPacketListener.h">
      <Filter>addons\ofxOsc\libs\oscpack\src\osc</Filter>
    </ClInclude>
    <ClInclude Include="D:\of_v0.9.8_vs_release\addons\ofxOsc\libs\oscpack\src\osc\OscPrintReceivedElements.h">
      <Filter>addons\ofxOsc\libs\oscpack\src\osc</Filter>
    </ClInclude>
    <ClInclude Include="D:\of_v0.9.8_vs_release\addons\ofxOsc\libs\oscpack\src\osc\OscReceivedElements.h">
      <Filter>addons\ofxOsc\libs\oscpack\src\osc</Filter>
    </ClInclude>
    <ClInclude Include="D:\of_v0.9.8_vs_release\addons\ofxOsc\libs\oscpack\src\osc\OscTypes.h">
      <Filter>addons\ofxOsc\libs\oscpack\src\osc</Filter>
    </ClInclude>
    <ClInclude Include="D:\of_v0.9.8_vs_release\addons\ofxFilterLibrary\src\ofxFilterLibrary.h">
      <Filter>addons\ofxFilterLibrary\src</Filter>
    </ClInclude>
    <ClInclude Include="D:\of_v0.9.8_vs_release\addons\ofxFilterLibrary\src\filters\Abstract3x3ConvolutionFilter.h">
      <Filter>addons\ofxFilterLibrary\src\filters</Filter>
    </ClInclude>
    <ClInclude Include="D:\of_v0.9.8_vs_release\addons\ofxFilterLibrary\src\filters\Abstract3x3PingPongFilter.h">
      <Filter>addons\ofxFilterLibrary\src\filters</Filter>
    </ClInclude>
    <ClInclude Include="D:\of_v0.9.8_vs_release\addons\ofxFilterLibrary\src\filters\Abstract3x3TextureSamplingFilter.h">
      <Filter>addons\ofxFilterLibrary\src\filters</Filter>
    </ClInclude>
    <ClInclude Include="D:\of_v0.9.8_vs_release\addons\ofxFilterLibrary\src\filters\AbstractDoGFilter.h">
      <Filter>addons\ofxFilterLibrary\src\filters</Filter>
    </ClInclude>
    <ClInclude Include="D:\of_v0.9.8_vs_release\addons\ofxFilterLibrary\src\filters\AbstractFilter.h">
      <Filter>addons\ofxFilterLibrary\src\filters</Filter>
    </ClInclude>
    <ClInclude Include="D:\of_v0.9.8_vs_release\addons\ofxFilterLibrary\src\filters\AbstractPingPongRenderer.h">
      <Filter>addons\ofxFilterLibrary\src\filters</Filter>
    </ClInclude>
    <ClInclude Include="D:\of_v0.9.8_vs_release\addons\ofxFilterLibrary\src\filters\AbstractTwoInputCrossTextureSamplingFilter.h">
      <Filter>addons\ofxFilterLibrary\src\filters</Filter>
    </ClInclude>
    <ClInclude Include="D:\of_v0.9.8_vs_release\addons\ofxFilterLibrary\src\filters\AbstractTwoInputFilter.h">
      <Filter>addons\ofxFilterLibrary\src\filters</Filter>
    </ClInclude>
    <ClInclude Include="D:\of_v0.9.8_vs_release\addons\ofxFilterLibrary\src\filters\AdditiveBlendFilter.h">
      <Filter>addons\ofxFilterLibrary\src\filters</Filter>
    </ClInclude>
    <ClInclude Include="D:\of_v0.9.8_vs_release\addons\ofxFilterLibrary\src\filters\AlphaBlendFilter.h">
      <Filter>addons\ofxFilterLibrary\src\filters</Filter>
    </ClInclude>
    <ClInclude Include="D:\of_v0.9.8_vs_release\addons\ofxFilterLibrary\src\filters\AlphaMaskFilter.h">
      <Filter>addons\ofxFilterLibrary\src\filters</Filter>
    </ClInclude>
    <ClInclude Include="D:\of_v0.9.8_vs_release\addons\ofxFilterLibrary\src\filters\AverageColorFilter.h">
      <Filter>addons\ofxFilterLibrary\src\filters</Filter>
    </ClInclude>
    <ClInclude Include="D:\of_v0.9.8_vs_release\addons\ofxFilterLibrary\src\filters\BilateralFilter.h">
      <Filter>addons\ofxFilterLibrary\src\filters</Filter>
    </ClInclude>
    <ClInclude Include="D:\of_v0.9.8_vs_release\addons\ofxFilterLibrary\src\filters\BloomFilter.h">
      <Filter>addons\ofxFilterLibrary\src\filters</Filter>
    </ClInclude>
    <ClInclude Include="D:\of_v0.9.8_vs_release\addons\ofxFilterLibrary\src\filters\BoxBlurFilter.h">
      <Filter>addons\ofxFilterLibrary\src\filters</Filter>
    </ClInclude>
    <ClInclude Include="D:\of_v0.9.8_vs_release\addons\ofxFilterLibrary\src\filters\BrightnessFilter.h">
      <Filter>addons\ofxFilterLibrary\src\filters</Filter>
    </ClInclude>
    <ClInclude Include="D:\of_v0.9.8_vs_release\addons\ofxFilterLibrary\src\filters\CGAColorspaceFilter.h">
      <Filter>addons\ofxFilterLibrary\src\filters</Filter>
    </ClInclude>
    <ClInclude Include="D:\of_v0.9.8_vs_release\addons\ofxFilterLibrary\src\filters\ChromaKeyBlendFilter.h">
      <Filter>addons\ofxFilterLibrary\src\filters</Filter>
    </ClInclude>
    <ClInclude Include="D:\of_v0.9.8_vs_release\addons\ofxFilterLibrary\src\filters\ColorBlendFilter.h">
      <Filter>addons\ofxFilterLibrary\src\filters</Filter>
    </ClInclude>
    <ClInclude Include="D:\of_v0.9.8_vs_release\addons\ofxFilterLibrary\src\filters\ColorBurnFilter.h">
      <Filter>addons\ofxFilterLibrary\src\filters</Filter>
    </ClInclude>
    <ClInclude Include="D:\of_v0.9.8_vs_release\addons\ofxFilterLibrary\src\filters\ColorMatrixFilter.h">
      <Filter>addons\ofxFilterLibrary\src\filters</Filter>
    </ClInclude>
    <ClInclude Include="D:\of_v0.9.8_vs_release\addons\ofxFilterLibrary\src\filters\ColorPackingFilter.h">
      <Filter>addons\ofxFilterLibrary\src\filters</Filter>
    </ClInclude>
    <ClInclude Include="D:\of_v0.9.8_vs_release\addons\ofxFilterLibrary\src\filters\ColorReplacementFilter.h">
      <Filter>addons\ofxFilterLibrary\src\filters</Filter>
    </ClInclude>
    <ClInclude Include="D:\of_v0.9.8_vs_release\addons\ofxFilterLibrary\src\filters\ContrastFilter.h">
      <Filter>addons\ofxFilterLibrary\src\filters</Filter>
    </ClInclude>
    <ClInclude Include="D:\of_v0.9.8_vs_release\addons\ofxFilterLibrary\src\filters\CornerDetectionFilter.h">
      <Filter>addons\ofxFilterLibrary\src\filters</Filter>
    </ClInclude>
    <ClInclude Include="D:\of_v0.9.8_vs_release\addons\ofxFilterLibrary\src\filters\CrosshatchFilter.h">
      <Filter>addons\ofxFilterLibrary\src\filters</Filter>
    </ClInclude>
    <ClInclude Include="D:\of_v0.9.8_vs_release\addons\ofxFilterLibrary\src\filters\DarkenBlendFilter.h">
      <Filter>addons\ofxFilterLibrary\src\filters</Filter>
    </ClInclude>
    <ClInclude Include="D:\of_v0.9.8_vs_release\addons\ofxFilterLibrary\src\filters\DilationFilter.h">
      <Filter>addons\ofxFilterLibrary\src\filters</Filter>
    </ClInclude>
    <ClInclude Include="D:\of_v0.9.8_vs_release\addons\ofxFilterLibrary\src\filters\DirectionalDoGFilter.h">
      <Filter>addons\ofxFilterLibrary\src\filters</Filter>
    </ClInclude>
    <ClInclude Include="D:\of_v0.9.8_vs_release\addons\ofxFilterLibrary\src\filters\DisplacementFilter.h">
      <Filter>addons\ofxFilterLibrary\src\filters</Filter>
    </ClInclude>
    <ClInclude Include="D:\of_v0.9.8_vs_release\addons\ofxFilterLibrary\src\filters\DissolveBlendFilter.h">
      <Filter>addons\ofxFilterLibrary\src\filters</Filter>
    </ClInclude>
    <ClInclude Include="D:\of_v0.9.8_vs_release\addons\ofxFilterLibrary\src\filters\DoGFilter.h">
      <Filter>addons\ofxFilterLibrary\src\filters</Filter>
    </ClInclude>
    <ClInclude Include="D:\of_v0.9.8_vs_release\addons\ofxFilterLibrary\src\filters\EdgeTangentFilter.h">
      <Filter>addons\ofxFilterLibrary\src\filters</Filter>
    </ClInclude>
    <ClInclude Include="D:\of_v0.9.8_vs_release\addons\ofxFilterLibrary\src\filters\EdgeTangentSmoothingFilter.h">
      <Filter>addons\ofxFilterLibrary\src\filters</Filter>
    </ClInclude>
    <ClInclude Include="D:\of_v0.9.8_vs_release\addons\ofxFilterLibrary\src\filters\EmbossFilter.h">
      <Filter>addons\ofxFilterLibrary\src\filters</Filter>
    </ClInclude>
    <ClInclude Include="D:\of_v0.9.8_vs_release\addons\ofxFilterLibrary\src\filters\ErosionFilter.h">
      <Filter>addons\ofxFilterLibrary\src\filters</Filter>
    </ClInclude>
    <ClInclude Include="D:\of_v0.9.8_vs_release\addons\ofxFilterLibrary\src\filters\ExclusionBlendFilter.h">
      <Filter>addons\ofxFilterLibrary\src\filters</Filter>
    </ClInclude>
    <ClInclude Include="D:\of_v0.9.8_vs_release\addons\ofxFilterLibrary\src\filters\FilterChain.h">
      <Filter>addons\ofxFilterLibrary\src\filters</Filter>
    </ClInclude>
    <ClInclude Include="D:\of_v0.9.8_vs_release\addons\ofxFilterLibrary\src\filters\FlowDoGFilter.h">
      <Filter>addons\ofxFilterLibrary\src\filters</Filter>
    </ClInclude>
    <ClInclude Include="D:\of_v0.9.8_vs_release\addons\ofxFilterLibrary\src\filters\GammaFilter.h">
      <Filter>addons\ofxFilterLibrary\src\filters</Filter>
    </ClInclude>
    <ClInclude Include="D:\of_v0.9.8_vs_release\addons\ofxFilterLibrary\src\filters\GaussianBlurFilter.h">
      <Filter>addons\ofxFilterLibrary\src\filters</Filter>
    </ClInclude>
    <ClInclude Include="D:\of_v0.9.8_vs_release\addons\ofxFilterLibrary\src\filters\GradientMapFilter.h">
      <Filter>addons\ofxFilterLibrary\src\filters</Filter>
    </ClInclude>
    <ClInclude Include="D:\of_v0.9.8_vs_release\addons\ofxFilterLibrary\src\filters\GrayscaleFilter.h">
      <Filter>addons\ofxFilterLibrary\src\filters</Filter>
    </ClInclude>
    <ClInclude Include="D:\of_v0.9.8_vs_release\addons\ofxFilterLibrary\src\filters\HalftoneFilter.h">
      <Filter>addons\ofxFilterLibrary\src\filters</Filter>
    </ClInclude>
    <ClInclude Include="D:\of_v0.9.8_vs_release\addons\ofxFilterLibrary\src\filters\HarrisCornerDetectionFilter.h">
      <Filter>addons\ofxFilterLibrary\src\filters</Filter>
    </ClInclude>
    <ClInclude Include="D:\of_v0.9.8_vs_release\addons\ofxFilterLibrary\src\filters\HueFilter.h">
      <Filter>addons\ofxFilterLibrary\src\filters</Filter>
    </ClInclude>
    <ClInclude Include="D:\of_v0.9.8_vs_release\addons\ofxFilterLibrary\src\filters\InvertFilter.h">
      <Filter>addons\ofxFilterLibrary\src\filters</Filter>
    </ClInclude>
    <ClInclude Include="D:\of_v0.9.8_vs_release\addons\ofxFilterLibrary\src\filters\KuwaharaFilter.h">
      <Filter>addons\ofxFilterLibrary\src\filters</Filter>
    </ClInclude>
    <ClInclude Include="D:\of_v0.9.8_vs_release\addons\ofxFilterLibrary\src\filters\LaplacianFilter.h">
      <Filter>addons\ofxFilterLibrary\src\filters</Filter>
    </ClInclude>
    <ClInclude Include="D:\of_v0.9.8_vs_release\addons\ofxFilterLibrary\src\filters\LookupFilter.h">
      <Filter>addons\ofxFilterLibrary\src\filters</Filter>
    </ClInclude>
    <ClInclude Include="D:\of_v0.9.8_vs_release\addons\ofxFilterLibrary\src\filters\LowPassFilter.h">
      <Filter>addons\ofxFilterLibrary\src\filters</Filter>
    </ClInclude>
    <ClInclude Include="D:\of_v0.9.8_vs_release\addons\ofxFilterLibrary\src\filters\MotionDetectionFilter.h">
      <Filter>addons\ofxFilterLibrary\src\filters</Filter>
    </ClInclude>
    <ClInclude Include="D:\of_v0.9.8_vs_release\addons\ofxFilterLibrary\src\filters\MultiplyBlendFilter.h">
      <Filter>addons\ofxFilterLibrary\src\filters</Filter>
    </ClInclude>
    <ClInclude Include="D:\of_v0.9.8_vs_release\addons\ofxFilterLibrary\src\filters\NormalBlendFilter.h">
      <Filter>addons\ofxFilterLibrary\src\filters</Filter>
    </ClInclude>
    <ClInclude Include="D:\of_v0.9.8_vs_release\addons\ofxFilterLibrary\src\filters\PerlinNoiseFilter.h">
      <Filter>addons\ofxFilterLibrary\src\filters</Filter>
    </ClInclude>
    <ClInclude Include="D:\of_v0.9.8_vs_release\addons\ofxFilterLibrary\src\filters\PerlinPixellationFilter.h">
      <Filter>addons\ofxFilterLibrary\src\filters</Filter>
    </ClInclude>
    <ClInclude Include="D:\of_v0.9.8_vs_release\addons\ofxFilterLibrary\src\filters\PixelateFilter.h">
      <Filter>addons\ofxFilterLibrary\src\filters</Filter>
    </ClInclude>
    <ClInclude Include="D:\of_v0.9.8_vs_release\addons\ofxFilterLibrary\src\filters\PoissonBlendFilter.h">
      <Filter>addons\ofxFilterLibrary\src\filters</Filter>
    </ClInclude>
    <ClInclude Include="D:\of_v0.9.8_vs_release\addons\ofxFilterLibrary\src\filters\PosterizeFilter.h">
      <Filter>addons\ofxFilterLibrary\src\filters</Filter>
    </ClInclude>
    <ClInclude Include="D:\of_v0.9.8_vs_release\addons\ofxFilterLibrary\src\filters\SaturationFilter.h">
      <Filter>addons\ofxFilterLibrary\src\filters</Filter>
    </ClInclude>
    <ClInclude Include="D:\of_v0.9.8_vs_release\addons\ofxFilterLibrary\src\filters\SketchFilter.h">
      <Filter>addons\ofxFilterLibrary\src\filters</Filter>
    </ClInclude>
    <ClInclude Include="D:\of_v0.9.8_vs_release\addons\ofxFilterLibrary\src\filters\SmoothToonFilter.h">
      <Filter>addons\ofxFilterLibrary\src\filters</Filter>
    </ClInclude>
    <ClInclude Include="D:\of_v0.9.8_vs_release\addons\ofxFilterLibrary\src\filters\SobelEdgeDetectionFilter.h">
      <Filter>addons\ofxFilterLibrary\src\filters</Filter>
    </ClInclude>
    <ClInclude Include="D:\of_v0.9.8_vs_release\addons\ofxFilterLibrary\src\filters\ThresholdedNonMaximumSuppressionFilter.h">
      <Filter>addons\ofxFilterLibrary\src\filters</Filter>
    </ClInclude>
    <ClInclude Include="D:\of_v0.9.8_vs_release\addons\ofxFilterLibrary\src\filters\TiltShiftFilter.h">
      <Filter>addons\ofxFilterLibrary\src\filters</Filter>
    </ClInclude>
    <ClInclude Include="D:\of_v0.9.8_vs_release\addons\ofxFilterLibrary\src\filters\ToonFilter.h">
      <Filter>addons\ofxFilterLibrary\src\filters</Filter>
    </ClInclude>
    <ClInclude Include="D:\of_v0.9.8_vs_release\addons\ofxFilterLibrary\src\filters\VignetteFilter.h">
      <Filter>addons\ofxFilterLibrary\src\filters</Filter>
    </ClInclude>
    <ClInclude Include="D:\of_v0.9.8_vs_release\addons\ofxFilterLibrary\src\filters\VoronoiFilter.h">
      <Filter>addons\ofxFilterLibrary\src\filters</Filter>
    </ClInclude>
    <ClInclude Include="D:\of_v0.9.8_vs_release\addons\ofxFilterLibrary\src\filters\XYDerivativeFilter.h">
      <Filter>addons\ofxFilterLibrary\src\filters</Filter>
    </ClInclude>
    <ClInclude Include="D:\of_v0.9.8_vs_release\addons\ofxFilterLibrary\src\filters\ZoomBlurFilter.h">
      <Filter>addons\ofxFilterLibrary\src\filters</Filter>
    </ClInclude>
    <ClInclude Include="D:\of_v0.9.8_vs_release\addons\ofxFilterLibrary\src\parameters\AbstractParameter.h">
      <Filter>addons\ofxFilterLibrary\src\parameters</Filter>
    </ClInclude>
    <ClInclude Include="D:\of_v0.9.8_vs_release\addons\ofxFilterLibrary\src\parameters\Parameter2f.h">
      <Filter>addons\ofxFilterLibrary\src\parameters</Filter>
    </ClInclude>
    <ClInclude Include="D:\of_v0.9.8_vs_release\addons\ofxFilterLibrary\src\parameters\Parameter2fv.h">
      <Filter>addons\ofxFilterLibrary\src\parameters</Filter>
    </ClInclude>
    <ClInclude Include="D:\of_v0.9.8_vs_release\addons\ofxFilterLibrary\src\parameters\Parameter3f.h">
      <Filter>addons\ofxFilterLibrary\src\parameters</Filter>
    </ClInclude>
    <ClInclude Include="D:\of_v0.9.8_vs_release\addons\ofxFilterLibrary\src\parameters\Parameter3fv.h">
      <Filter>addons\ofxFilterLibrary\src\parameters</Filter>
    </ClInclude>
    <ClInclude Include="D:\of_v0.9.8_vs_release\addons\ofxFilterLibrary\src\parameters\Parameter4f.h">
      <Filter>addons\ofxFilterLibrary\src\parameters</Filter>
    </ClInclude>
    <ClInclude Include="D:\of_v0.9.8_vs_release\addons\ofxFilterLibrary\src\parameters\ParameterF.h">
      <Filter>addons\ofxFilterLibrary\src\parameters</Filter>
    </ClInclude>
    <ClInclude Include="D:\of_v0.9.8_vs_release\addons\ofxFilterLibrary\src\parameters\ParameterI.h">
      <Filter>addons\ofxFilterLibrary\src\parameters</Filter>
    </ClInclude>
    <ClInclude Include="D:\of_v0.9.8_vs_release\addons\ofxFilterLibrary\src\parameters\ParameterMatrix4f.h">
      <Filter>addons\ofxFilterLibrary\src\parameters</Filter>
    </ClInclude>
    <ClInclude Include="D:\of_v0.9.8_vs_release\addons\ofxFilterLibrary\src\parameters\ParameterT.h">
      <Filter>addons\ofxFilterLibrary\src\parameters</Filter>
    </ClInclude>
    <ClInclude Include="D:\of_v0.9.8_vs_release\addons\ofxFilterLibrary\src\parameters\ParameterV.h">
      <Filter>addons\ofxFilterLibrary\src\parameters</Filter>
    </ClInclude>
    <ClInclude Include="D:\of_v0.9.8_vs_release\addons\ofxFilterLibrary\src\parameters\ParametricObject.h">
      <Filter>addons\ofxFilterLibrary\src\parameters</Filter>
    </ClInclude>
  </ItemGroup>
  <ItemGroup>
    <ResourceCompile Include="icon.rc" />
  </ItemGroup>
</Project>